# generated by rye
# use `rye lock` or `rye sync` to update this lockfile
#
# last locked with the following flags:
#   pre: false
#   features: []
#   all-features: false
#   with-sources: false
#   generate-hashes: false
#   universal: false

-e file:.
aiohappyeyeballs==2.6.1
    # via aiohttp
aiohttp==3.12.15
    # via discord-py
aiosignal==1.4.0
    # via aiohttp
attrs==25.3.0
    # via aiohttp
audioop-lts==0.2.2
    # via discord-py
certifi==2025.8.3
    # via requests
charset-normalizer==3.4.3
    # via requests
discord-py==2.6.3
    # via discord-switchbot-lock
frozenlist==1.7.0
    # via aiohttp
    # via aiosignal
idna==3.10
    # via requests
    # via yarl
multidict==6.6.4
    # via aiohttp
    # via yarl
propcache==0.3.2
    # via aiohttp
    # via yarl
python-dotenv==1.1.1
    # via discord-switchbot-lock
requests==2.32.5
    # via discord-switchbot-lock
urllib3==2.5.0
    # via requests
yarl==1.20.1
    # via aiohttp
